# This file is generated by running "yarn install" inside your project.
# Manual changes might be lost - proceed with caution!

__metadata:
  version: 8
  cacheKey: 10c0

"@repo/root@workspace:.":
  version: 0.0.0-use.local
  resolution: "@repo/root@workspace:."
  languageName: unknown
  linkType: soft

"@tsconfig/boxops@workspace:packages/@tsconfig/boxops":
  version: 0.0.0-use.local
  resolution: "@tsconfig/boxops@workspace:packages/@tsconfig/boxops"
  languageName: unknown
  linkType: soft
